<?xml version="1.0" encoding="utf-8"?>
<Project ToolsVersion="4.0" xmlns="http://schemas.microsoft.com/developer/msbuild/2003">
  <ItemGroup>
    <Filter Include="Файлы исходного кода">
      <UniqueIdentifier>{4FC737F1-C7A5-4376-A066-2A32D752A2FF}</UniqueIdentifier>
      <Extensions>cpp;c;cc;cxx;def;odl;idl;hpj;bat;asm;asmx</Extensions>
    </Filter>
    <Filter Include="Заголовочные файлы">
      <UniqueIdentifier>{93995380-89BD-4b04-88EB-625FBE52EBFB}</UniqueIdentifier>
      <Extensions>h;hh;hpp;hxx;hm;inl;inc;xsd</Extensions>
    </Filter>
    <Filter Include="Файлы ресурсов">
      <UniqueIdentifier>{67DA6AB6-F800-4c08-8B7A-83BB121AAD01}</UniqueIdentifier>
      <Extensions>rc;ico;cur;bmp;dlg;rc2;rct;bin;rgs;gif;jpg;jpeg;jpe;resx;tiff;tif;png;wav;mfcribbon-ms</Extensions>
    </Filter>
    <Filter Include="Заголовочные файлы\Singletone">
      <UniqueIdentifier>{1c162264-a134-4bb2-8f9d-242150261497}</UniqueIdentifier>
    </Filter>
    <Filter Include="Заголовочные файлы\FactoryMethod">
      <UniqueIdentifier>{1d055da6-9688-4cb6-bdb9-b8af4c70bd78}</UniqueIdentifier>
    </Filter>
    <Filter Include="Файлы исходного кода\FactoryMethod">
      <UniqueIdentifier>{2031f694-ddcb-4c8f-ac65-7d2e4faccc5a}</UniqueIdentifier>
    </Filter>
    <Filter Include="Файлы исходного кода\Singletone">
      <UniqueIdentifier>{a8bcd4d8-caf6-4bac-bcce-390d2764ff16}</UniqueIdentifier>
    </Filter>
    <Filter Include="Заголовочные файлы\AbstractFactory">
      <UniqueIdentifier>{0886e1a4-9e3a-42a5-8bcd-e2060fc45526}</UniqueIdentifier>
    </Filter>
    <Filter Include="Файлы исходного кода\AbstractFactory">
      <UniqueIdentifier>{af9aa9a7-6e24-4865-a482-2a422a0242be}</UniqueIdentifier>
    </Filter>
  </ItemGroup>
  <ItemGroup>
    <Text Include="ReadMe.txt" />
  </ItemGroup>
  <ItemGroup>
    <ClInclude Include="stdafx.h">
      <Filter>Заголовочные файлы</Filter>
    </ClInclude>
    <ClInclude Include="targetver.h">
      <Filter>Заголовочные файлы</Filter>
    </ClInclude>
    <ClInclude Include="resource.h">
      <Filter>Заголовочные файлы</Filter>
    </ClInclude>
    <ClInclude Include="SingletonClass.h">
      <Filter>Заголовочные файлы\Singletone</Filter>
    </ClInclude>
    <ClInclude Include="ExperessDeliveryUnit.h">
      <Filter>Заголовочные файлы\FactoryMethod</Filter>
    </ClInclude>
    <ClInclude Include="ExpressDelivery.h">
      <Filter>Заголовочные файлы\FactoryMethod</Filter>
    </ClInclude>
    <ClInclude Include="IDelivery.h">
      <Filter>Заголовочные файлы\FactoryMethod</Filter>
    </ClInclude>
    <ClInclude Include="IdGenerator.h">
      <Filter>Заголовочные файлы\FactoryMethod</Filter>
    </ClInclude>
    <ClInclude Include="IUnitDelivery.h">
      <Filter>Заголовочные файлы\FactoryMethod</Filter>
    </ClInclude>
    <ClInclude Include="PickupDelivery.h">
      <Filter>Заголовочные файлы\FactoryMethod</Filter>
    </ClInclude>
    <ClInclude Include="PickupDeliveryUnit.h">
      <Filter>Заголовочные файлы\FactoryMethod</Filter>
    </ClInclude>
    <ClInclude Include="PostDeliverUnit.h">
      <Filter>Заголовочные файлы\FactoryMethod</Filter>
    </ClInclude>
    <ClInclude Include="PostDelivery.h">
      <Filter>Заголовочные файлы\FactoryMethod</Filter>
    </ClInclude>
    <ClInclude Include="DialogWindow.h">
      <Filter>Заголовочные файлы\AbstractFactory</Filter>
    </ClInclude>
    <ClInclude Include="IButton.h">
      <Filter>Заголовочные файлы\AbstractFactory</Filter>
    </ClInclude>
    <ClInclude Include="IComponentFactory.h">
      <Filter>Заголовочные файлы\AbstractFactory</Filter>
    </ClInclude>
    <ClInclude Include="IRadioButton.h">
      <Filter>Заголовочные файлы\AbstractFactory</Filter>
    </ClInclude>
    <ClInclude Include="LinuxButton.h">
      <Filter>Заголовочные файлы\AbstractFactory</Filter>
    </ClInclude>
    <ClInclude Include="LinuxComponentFactory.h">
      <Filter>Заголовочные файлы\AbstractFactory</Filter>
    </ClInclude>
    <ClInclude Include="LinuxRadioButton.h">
      <Filter>Заголовочные файлы\AbstractFactory</Filter>
    </ClInclude>
    <ClInclude Include="WinButton.h">
      <Filter>Заголовочные файлы\AbstractFactory</Filter>
    </ClInclude>
    <ClInclude Include="WinComponentFactory.h">
      <Filter>Заголовочные файлы\AbstractFactory</Filter>
    </ClInclude>
    <ClInclude Include="WinRadioButton.h">
      <Filter>Заголовочные файлы\AbstractFactory</Filter>
    </ClInclude>
  </ItemGroup>
  <ItemGroup>
    <ClCompile Include="stdafx.cpp">
      <Filter>Файлы исходного кода</Filter>
    </ClCompile>
    <ClCompile Include="test_patterns_MVS.cpp">
      <Filter>Файлы исходного кода</Filter>
    </ClCompile>
    <ClCompile Include="ExperessDeliveryUnit.cpp">
      <Filter>Файлы исходного кода\FactoryMethod</Filter>
    </ClCompile>
    <ClCompile Include="ExpressDelivery.cpp">
      <Filter>Файлы исходного кода\FactoryMethod</Filter>
    </ClCompile>
    <ClCompile Include="IDelivery.cpp">
      <Filter>Файлы исходного кода\FactoryMethod</Filter>
    </ClCompile>
    <ClCompile Include="IdGenerator.cpp">
      <Filter>Файлы исходного кода\FactoryMethod</Filter>
    </ClCompile>
    <ClCompile Include="IUnitDelivery.cpp">
      <Filter>Файлы исходного кода\FactoryMethod</Filter>
    </ClCompile>
    <ClCompile Include="PickupDelivery.cpp">
      <Filter>Файлы исходного кода\FactoryMethod</Filter>
    </ClCompile>
    <ClCompile Include="PickupDeliveryUnit.cpp">
      <Filter>Файлы исходного кода\FactoryMethod</Filter>
    </ClCompile>
    <ClCompile Include="PostDeliverUnit.cpp">
      <Filter>Файлы исходного кода\FactoryMethod</Filter>
    </ClCompile>
    <ClCompile Include="PostDelivery.cpp">
      <Filter>Файлы исходного кода\FactoryMethod</Filter>
    </ClCompile>
    <ClCompile Include="SingletonClass.cpp">
      <Filter>Файлы исходного кода\Singletone</Filter>
    </ClCompile>
    <ClCompile Include="DialogWindow.cpp">
      <Filter>Файлы исходного кода\AbstractFactory</Filter>
    </ClCompile>
    <ClCompile Include="IButton.cpp">
      <Filter>Файлы исходного кода\AbstractFactory</Filter>
    </ClCompile>
    <ClCompile Include="IComponentFactory.cpp">
      <Filter>Файлы исходного кода\AbstractFactory</Filter>
    </ClCompile>
    <ClCompile Include="IRadioButton.cpp">
      <Filter>Файлы исходного кода\AbstractFactory</Filter>
    </ClCompile>
    <ClCompile Include="LinuxButton.cpp">
      <Filter>Файлы исходного кода\AbstractFactory</Filter>
    </ClCompile>
    <ClCompile Include="LinuxComponentFactory.cpp">
      <Filter>Файлы исходного кода\AbstractFactory</Filter>
    </ClCompile>
    <ClCompile Include="LinuxRadioButton.cpp">
      <Filter>Файлы исходного кода\AbstractFactory</Filter>
    </ClCompile>
    <ClCompile Include="WinButton.cpp">
      <Filter>Файлы исходного кода\AbstractFactory</Filter>
    </ClCompile>
    <ClCompile Include="WinComponentFactory.cpp">
      <Filter>Файлы исходного кода\AbstractFactory</Filter>
    </ClCompile>
    <ClCompile Include="WinRadioButton.cpp">
      <Filter>Файлы исходного кода\AbstractFactory</Filter>
    </ClCompile>
  </ItemGroup>
  <ItemGroup>
    <ResourceCompile Include="test_patterns_MVS.rc">
      <Filter>Файлы ресурсов</Filter>
    </ResourceCompile>
  </ItemGroup>
</Project>